{
  "name": "chess-coach",
  "version": "0.1.0",
  "lockfileVersion": 3,
  "requires": true,
  "packages": {
    "": {
      "name": "chess-coach",
      "version": "0.1.0",
      "dependencies": {
        "@getpaseo/client": "*"
      },
      "engines": {
        "node": ">=22"
      }
    },
    "node_modules/@getpaseo/client": {
      "version": "0.7.2",
      "resolved": "https://registry.npmjs.org/@getpaseo/client/-/client-0.7.2.tgz",
      "integrity": "sha512-BD3uNBdp4wz79uDIJPYqAnaLXbMlZ1V/Nb9RFv0cEUcrFzk0kKAQ1NOaquD3Lz4MUJFTR8Eh/VxJB+OlbHSsiQ==",
      "dependencies": {
        "@getpaseo/protocol": "0.7.2",
        "@getpaseo/relay": "0.7.2",
        "zod": "^4.4.3"
      }
    },
    "node_modules/@getpaseo/protocol": {
      "version": "0.7.2",
      "resolved": "https://registry.npmjs.org/@getpaseo/protocol/-/protocol-0.7.2.tgz",
      "integrity": "sha512-bLegKuZIqO34Az8eKi0y3W0CcwwICipd7s4iFOUdOAiMwUYybzyXEpVaxuMcSzstNAtGqP+FMRteljFXAJ8T8w==",
      "dependencies": {
        "zod": "^4.4.3"
      }
    },
    "node_modules/@getpaseo/relay": {
      "version": "0.7.2",
      "resolved": "https://registry.npmjs.org/@getpaseo/relay/-/relay-0.7.2.tgz",
      "integrity": "sha512-IKdHhpWfofVa/v248r/wiU9Bu2AWhCKOijx4BbNFkGwJr6Eazby3n99tuN9cWYnCLj6/Hfnm4yNL29Bf9jXnbg==",
      "dependencies": {
        "base64-js": "^1.5.1",
        "tweetnacl": "^1.0.3",
        "ws": "^8.14.2"
      }
    },
    "node_modules/base64-js": {
      "version": "1.5.1",
      "resolved": "https://registry.npmjs.org/base64-js/-/base64-js-1.5.1.tgz",
      "integrity": "sha512-AKpaYlHn8t4SVbOHCy+b5+KKgvR4vrsD8vbvrbiQJps7fKDTkjkDry6ji0rUJjC0kzbNePLwzxq8iypo41qeWA==",
      "funding": [
        {
          "type": "github",
          "url": "https://github.com/sponsors/feross"
        },
        {
          "type": "patreon",
          "url": "https://www.patreon.com/feross"
        },
        {
          "type": "consulting",
          "url": "https://feross.org/support"
        }
      ],
      "license": "MIT"
    },
    "node_modules/tweetnacl": {
      "version": "1.0.3",
      "resolved": "https://registry.npmjs.org/tweetnacl/-/tweetnacl-1.0.3.tgz",
      "integrity": "sha512-6rt+RN7aOi1nGMyC4Xa5DdYiukl2UWCbcJft7YhxReBGQD7OAM8Pbxw6YMo4r2diNEA8FEmu32YOn9rhaiE5yw==",
      "license": "Unlicense"
    },
    "node_modules/ws": {
      "version": "8.21.3",
      "resolved": "https://registry.npmjs.org/ws/-/ws-8.21.3.tgz",
      "integrity": "sha512-201TZ/kPWxoPr/OKWjquZR1SWKXcvxdH+e1xrx89b3YbmzLMFCLfnaG1HFIgWzJOEWZ7MvpK++odZufgYR50Rw==",
      "license": "MIT",
      "engines": {
        "node": ">=10.0.0"
      },
      "peerDependencies": {
        "bufferutil": "^4.0.1",
        "utf-8-validate": ">=5.0.2"
      },
      "peerDependenciesMeta": {
        "bufferutil": {
          "optional": true
        },
        "utf-8-validate": {
          "optional": true
        }
      }
    },
    "node_modules/zod": {
      "version": "4.5.4",
      "resolved": "https://registry.npmjs.org/zod/-/zod-4.5.4.tgz",
      "integrity": "sha512-sC95tT5iHHH9gtpj6A81kh+NEaRAUFN+qlUPDUbRfOMvNf5QCBqsb3WgvnpVtK5Y+4UfA6KqufotuTvMGiTlsA==",
      "license": "MIT",
      "funding": {
        "url": "https://github.com/sponsors/colinhacks"
      }
    }
  }
}
